[[package]]
name = "cleo"
version = "2.0.1"
description = "Cleo allows you to create beautiful and testable command-line interfaces."
category = "main"
optional = false
python-versions = ">=3.7,<4.0"

[package.dependencies]
crashtest = ">=0.4.1,<0.5.0"
rapidfuzz = ">=2.2.0,<3.0.0"

[[package]]
name = "crashtest"
version = "0.4.1"
description = "Manage Python errors with ease"
category = "main"
optional = false
python-versions = ">=3.7,<4.0"

[[package]]
name = "rapidfuzz"
version = "2.13.7"
description = "rapid fuzzy string matching"
category = "main"
optional = false
python-versions = ">=3.7"

[package.extras]
full = ["numpy"]

[metadata]
lock-version = "1.1"
python-versions = "^3.8"
content-hash = "986989285bd9f319237dcac3d5cd852bb1e6b4430f4e13a8424841a71d0e8bea"

[metadata.files]
cleo = []
crashtest = []
rapidfuzz = []
