[[package]]
name = "pytomlpp"
version = "1.0.13"
description = "A python wrapper for toml++"
category = "main"
optional = false
python-versions = "*"

[metadata]
lock-version = "1.1"
python-versions = "^3.8"
content-hash = "9bc6c566646cbd8a88e56f3937415df5a447de750e4d7149857cc0eb46ff5f39"

[metadata.files]
pytomlpp = []
